
Microsoft Visual Studio Solution File, Format Version 12.00
# Visual Studio Version 17
VisualStudioVersion = 17.2.32630.192
MinimumVisualStudioVersion = 10.0.40219.1
Project("{9A19103F-16F7-4668-BE54-9A1E7A4F7556}") = "ChatDemo", "ChatDemo\ChatDemo.csproj", "{63027945-B249-48F1-9339-38E67D53611D}"
EndProject
Project("{9A19103F-16F7-4668-BE54-9A1E7A4F7556}") = "ChatServer", "ChatServer\ChatServer.csproj", "{666C4668-B242-45B5-BA7D-61762C7EB0AA}"
EndProject
Project("{9A19103F-16F7-4668-BE54-9A1E7A4F7556}") = "DaL", "DaL\DaL.csproj", "{5D19E720-09DC-48BA-8B5B-F83BC938A496}"
EndProject
Global
	GlobalSection(SolutionConfigurationPlatforms) = preSolution
		Debug|Any CPU = Debug|Any CPU
		Release|Any CPU = Release|Any CPU
	EndGlobalSection
	GlobalSection(ProjectConfigurationPlatforms) = postSolution
		{63027945-B249-48F1-9339-38E67D53611D}.Debug|Any CPU.ActiveCfg = Debug|Any CPU
		{63027945-B249-48F1-9339-38E67D53611D}.Debug|Any CPU.Build.0 = Debug|Any CPU
		{63027945-B249-48F1-9339-38E67D53611D}.Release|Any CPU.ActiveCfg = Release|Any CPU
		{63027945-B249-48F1-9339-38E67D53611D}.Release|Any CPU.Build.0 = Release|Any CPU
		{666C4668-B242-45B5-BA7D-61762C7EB0AA}.Debug|Any CPU.ActiveCfg = Debug|Any CPU
		{666C4668-B242-45B5-BA7D-61762C7EB0AA}.Debug|Any CPU.Build.0 = Debug|Any CPU
		{666C4668-B242-45B5-BA7D-61762C7EB0AA}.Release|Any CPU.ActiveCfg = Release|Any CPU
		{666C4668-B242-45B5-BA7D-61762C7EB0AA}.Release|Any CPU.Build.0 = Release|Any CPU
		{5D19E720-09DC-48BA-8B5B-F83BC938A496}.Debug|Any CPU.ActiveCfg = Debug|Any CPU
		{5D19E720-09DC-48BA-8B5B-F83BC938A496}.Debug|Any CPU.Build.0 = Debug|Any CPU
		{5D19E720-09DC-48BA-8B5B-F83BC938A496}.Release|Any CPU.ActiveCfg = Release|Any CPU
		{5D19E720-09DC-48BA-8B5B-F83BC938A496}.Release|Any CPU.Build.0 = Release|Any CPU
	EndGlobalSection
	GlobalSection(SolutionProperties) = preSolution
		HideSolutionNode = FALSE
	EndGlobalSection
	GlobalSection(ExtensibilityGlobals) = postSolution
		SolutionGuid = {88F97501-CE97-4DE6-BEE4-B95DFE3D6200}
	EndGlobalSection
EndGlobal
